
Microsoft Visual Studio Solution File, Format Version 12.00
# Visual Studio 15
VisualStudioVersion = 15.0.26730.16
MinimumVisualStudioVersion = 10.0.40219.1
Project("{FAE04EC0-301F-11D3-BF4B-00C04F79EFBC}") = "MyTest", "MyTest\MyTest.csproj", "{BC5DFA10-62A7-4FAD-8953-802166259DA3}"
EndProject
Project("{FAE04EC0-301F-11D3-BF4B-00C04F79EFBC}") = "WxPay", "WxPay\WxPay\WxPay.csproj", "{5CE8B237-17AA-4DC0-91BA-9C222D4B1677}"
EndProject
Project("{FAE04EC0-301F-11D3-BF4B-00C04F79EFBC}") = "Http.Test", "Http.Test\Http.Test.csproj", "{9DCC0F5F-F560-4016-808A-B5295424C4A5}"
EndProject
Project("{FAE04EC0-301F-11D3-BF4B-00C04F79EFBC}") = "Test.Core", "Test.Core\Test.Core.csproj", "{05B9DE6F-1E8A-483E-8F15-149B7F9E9763}"
EndProject
Project("{FAE04EC0-301F-11D3-BF4B-00C04F79EFBC}") = "Test.Mvc", "Test.Mvc\Test.Mvc.csproj", "{8785FCBE-B74C-4782-86E9-736A99DCCFEA}"
EndProject
Project("{FAE04EC0-301F-11D3-BF4B-00C04F79EFBC}") = "Test.Mvc.Tests", "Test.Mvc.Tests\Test.Mvc.Tests.csproj", "{1BDB901C-53CD-4EFD-888C-C4D3A43C9F0A}"
EndProject
Global
	GlobalSection(SolutionConfigurationPlatforms) = preSolution
		Debug|Any CPU = Debug|Any CPU
		Release|Any CPU = Release|Any CPU
	EndGlobalSection
	GlobalSection(ProjectConfigurationPlatforms) = postSolution
		{BC5DFA10-62A7-4FAD-8953-802166259DA3}.Debug|Any CPU.ActiveCfg = Debug|Any CPU
		{BC5DFA10-62A7-4FAD-8953-802166259DA3}.Debug|Any CPU.Build.0 = Debug|Any CPU
		{BC5DFA10-62A7-4FAD-8953-802166259DA3}.Release|Any CPU.ActiveCfg = Release|Any CPU
		{BC5DFA10-62A7-4FAD-8953-802166259DA3}.Release|Any CPU.Build.0 = Release|Any CPU
		{5CE8B237-17AA-4DC0-91BA-9C222D4B1677}.Debug|Any CPU.ActiveCfg = Debug|Any CPU
		{5CE8B237-17AA-4DC0-91BA-9C222D4B1677}.Debug|Any CPU.Build.0 = Debug|Any CPU
		{5CE8B237-17AA-4DC0-91BA-9C222D4B1677}.Release|Any CPU.ActiveCfg = Release|Any CPU
		{5CE8B237-17AA-4DC0-91BA-9C222D4B1677}.Release|Any CPU.Build.0 = Release|Any CPU
		{9DCC0F5F-F560-4016-808A-B5295424C4A5}.Debug|Any CPU.ActiveCfg = Debug|Any CPU
		{9DCC0F5F-F560-4016-808A-B5295424C4A5}.Debug|Any CPU.Build.0 = Debug|Any CPU
		{9DCC0F5F-F560-4016-808A-B5295424C4A5}.Release|Any CPU.ActiveCfg = Release|Any CPU
		{9DCC0F5F-F560-4016-808A-B5295424C4A5}.Release|Any CPU.Build.0 = Release|Any CPU
		{05B9DE6F-1E8A-483E-8F15-149B7F9E9763}.Debug|Any CPU.ActiveCfg = Debug|Any CPU
		{05B9DE6F-1E8A-483E-8F15-149B7F9E9763}.Debug|Any CPU.Build.0 = Debug|Any CPU
		{05B9DE6F-1E8A-483E-8F15-149B7F9E9763}.Release|Any CPU.ActiveCfg = Release|Any CPU
		{05B9DE6F-1E8A-483E-8F15-149B7F9E9763}.Release|Any CPU.Build.0 = Release|Any CPU
		{8785FCBE-B74C-4782-86E9-736A99DCCFEA}.Debug|Any CPU.ActiveCfg = Debug|Any CPU
		{8785FCBE-B74C-4782-86E9-736A99DCCFEA}.Debug|Any CPU.Build.0 = Debug|Any CPU
		{8785FCBE-B74C-4782-86E9-736A99DCCFEA}.Release|Any CPU.ActiveCfg = Release|Any CPU
		{8785FCBE-B74C-4782-86E9-736A99DCCFEA}.Release|Any CPU.Build.0 = Release|Any CPU
		{1BDB901C-53CD-4EFD-888C-C4D3A43C9F0A}.Debug|Any CPU.ActiveCfg = Debug|Any CPU
		{1BDB901C-53CD-4EFD-888C-C4D3A43C9F0A}.Debug|Any CPU.Build.0 = Debug|Any CPU
		{1BDB901C-53CD-4EFD-888C-C4D3A43C9F0A}.Release|Any CPU.ActiveCfg = Release|Any CPU
		{1BDB901C-53CD-4EFD-888C-C4D3A43C9F0A}.Release|Any CPU.Build.0 = Release|Any CPU
	EndGlobalSection
	GlobalSection(SolutionProperties) = preSolution
		HideSolutionNode = FALSE
	EndGlobalSection
	GlobalSection(ExtensibilityGlobals) = postSolution
		SolutionGuid = {5B068A8C-53A4-454A-B922-9924E8B2699B}
	EndGlobalSection
EndGlobal
