
Microsoft Visual Studio Solution File, Format Version 12.00
# Visual Studio 2013
VisualStudioVersion = 12.0.21005.1
MinimumVisualStudioVersion = 10.0.40219.1
Project("{FAE04EC0-301F-11D3-BF4B-00C04F79EFBC}") = "MyTest", "MyTest\MyTest.csproj", "{BC5DFA10-62A7-4FAD-8953-802166259DA3}"
EndProject
Project("{FAE04EC0-301F-11D3-BF4B-00C04F79EFBC}") = "WxPay", "WxPay\WxPay\WxPay.csproj", "{5CE8B237-17AA-4DC0-91BA-9C222D4B1677}"
EndProject
Global
	GlobalSection(SolutionConfigurationPlatforms) = preSolution
		Debug|Any CPU = Debug|Any CPU
		Release|Any CPU = Release|Any CPU
	EndGlobalSection
	GlobalSection(ProjectConfigurationPlatforms) = postSolution
		{BC5DFA10-62A7-4FAD-8953-802166259DA3}.Debug|Any CPU.ActiveCfg = Debug|Any CPU
		{BC5DFA10-62A7-4FAD-8953-802166259DA3}.Debug|Any CPU.Build.0 = Debug|Any CPU
		{BC5DFA10-62A7-4FAD-8953-802166259DA3}.Release|Any CPU.ActiveCfg = Release|Any CPU
		{BC5DFA10-62A7-4FAD-8953-802166259DA3}.Release|Any CPU.Build.0 = Release|Any CPU
		{5CE8B237-17AA-4DC0-91BA-9C222D4B1677}.Debug|Any CPU.ActiveCfg = Debug|Any CPU
		{5CE8B237-17AA-4DC0-91BA-9C222D4B1677}.Debug|Any CPU.Build.0 = Debug|Any CPU
		{5CE8B237-17AA-4DC0-91BA-9C222D4B1677}.Release|Any CPU.ActiveCfg = Release|Any CPU
		{5CE8B237-17AA-4DC0-91BA-9C222D4B1677}.Release|Any CPU.Build.0 = Release|Any CPU
	EndGlobalSection
	GlobalSection(SolutionProperties) = preSolution
		HideSolutionNode = FALSE
	EndGlobalSection
EndGlobal
